{
  "originHash" : "669bde153f06fc5749bad787f24923b246815dcb6d3e7d068211b43eb020c902",
  "pins" : [
    {
      "identity" : "libgit2",
      "kind" : "remoteSourceControl",
      "location" : "https://github.com/ibrahimcetin/libgit2.git",
      "state" : {
        "revision" : "52287b0914f300f916b58fec80e13d8dd8f6824f",
        "version" : "1.9.2"
      }
    }
  ],
  "version" : 3
}
